
Microsoft Visual Studio Solution File, Format Version 12.00
# Visual Studio Version 16
VisualStudioVersion = 16.0.32901.82
MinimumVisualStudioVersion = 10.0.40219.1
Project("{FAE04EC0-301F-11D3-BF4B-00C04F79EFBC}") = "testeForms", "testeForms\testeForms.csproj", "{AADB7D26-8E0B-4364-8EA5-F3984567A8F6}"
EndProject
Global
	GlobalSection(SolutionConfigurationPlatforms) = preSolution
		Debug|Any CPU = Debug|Any CPU
		Release|Any CPU = Release|Any CPU
	EndGlobalSection
	GlobalSection(ProjectConfigurationPlatforms) = postSolution
		{AADB7D26-8E0B-4364-8EA5-F3984567A8F6}.Debug|Any CPU.ActiveCfg = Debug|Any CPU
		{AADB7D26-8E0B-4364-8EA5-F3984567A8F6}.Debug|Any CPU.Build.0 = Debug|Any CPU
		{AADB7D26-8E0B-4364-8EA5-F3984567A8F6}.Release|Any CPU.ActiveCfg = Release|Any CPU
		{AADB7D26-8E0B-4364-8EA5-F3984567A8F6}.Release|Any CPU.Build.0 = Release|Any CPU
	EndGlobalSection
	GlobalSection(SolutionProperties) = preSolution
		HideSolutionNode = FALSE
	EndGlobalSection
	GlobalSection(ExtensibilityGlobals) = postSolution
		SolutionGuid = {66F6B39C-5609-4F1E-89AF-B4E86F9FAB08}
	EndGlobalSection
EndGlobal
